
Microsoft Visual Studio Solution File, Format Version 12.00
# Visual Studio Version 17
VisualStudioVersion = 17.10.34818.151
MinimumVisualStudioVersion = 10.0.40219.1
Project("{FAE04EC0-301F-11D3-BF4B-00C04F79EFBC}") = "Packages.GridifyExamples", "Packages.GridifyExamples\Packages.GridifyExamples.csproj", "{67866D64-D421-408D-856E-BBDBA1F00941}"
EndProject
Global
	GlobalSection(SolutionConfigurationPlatforms) = preSolution
		Debug|Any CPU = Debug|Any CPU
		Release|Any CPU = Release|Any CPU
	EndGlobalSection
	GlobalSection(ProjectConfigurationPlatforms) = postSolution
		{67866D64-D421-408D-856E-BBDBA1F00941}.Debug|Any CPU.ActiveCfg = Debug|Any CPU
		{67866D64-D421-408D-856E-BBDBA1F00941}.Debug|Any CPU.Build.0 = Debug|Any CPU
		{67866D64-D421-408D-856E-BBDBA1F00941}.Release|Any CPU.ActiveCfg = Release|Any CPU
		{67866D64-D421-408D-856E-BBDBA1F00941}.Release|Any CPU.Build.0 = Release|Any CPU
	EndGlobalSection
	GlobalSection(SolutionProperties) = preSolution
		HideSolutionNode = FALSE
	EndGlobalSection
	GlobalSection(ExtensibilityGlobals) = postSolution
		SolutionGuid = {70524FC3-42FC-44BD-9B69-4F35AD2049E8}
	EndGlobalSection
EndGlobal
